
Microsoft Visual Studio Solution File, Format Version 12.00
# Visual Studio Version 16
VisualStudioVersion = 16.0.30611.23
MinimumVisualStudioVersion = 10.0.40219.1
Project("{FAE04EC0-301F-11D3-BF4B-00C04F79EFBC}") = "ping gönderme", "ping gönderme\ping gönderme.csproj", "{2A3C8131-366A-4A37-9F16-E50884364E77}"
EndProject
Global
	GlobalSection(SolutionConfigurationPlatforms) = preSolution
		Debug|Any CPU = Debug|Any CPU
		Release|Any CPU = Release|Any CPU
	EndGlobalSection
	GlobalSection(ProjectConfigurationPlatforms) = postSolution
		{2A3C8131-366A-4A37-9F16-E50884364E77}.Debug|Any CPU.ActiveCfg = Debug|Any CPU
		{2A3C8131-366A-4A37-9F16-E50884364E77}.Debug|Any CPU.Build.0 = Debug|Any CPU
		{2A3C8131-366A-4A37-9F16-E50884364E77}.Release|Any CPU.ActiveCfg = Release|Any CPU
		{2A3C8131-366A-4A37-9F16-E50884364E77}.Release|Any CPU.Build.0 = Release|Any CPU
	EndGlobalSection
	GlobalSection(SolutionProperties) = preSolution
		HideSolutionNode = FALSE
	EndGlobalSection
	GlobalSection(ExtensibilityGlobals) = postSolution
		SolutionGuid = {DECE212A-ECD3-44EA-9826-ACD7B8D872E5}
	EndGlobalSection
EndGlobal
